{
  "version": 4,
  "terraform_version": "0.12.16",
  "serial": 21,
  "lineage": "7da6c93b-230f-6c52-07d4-ab60562156d4",
  "outputs": {},
  "resources": [
    {
      "mode": "managed",
      "type": "aws_iam_instance_profile",
      "name": "test_profile",
      "provider": "provider.aws",
      "instances": [
        {
          "schema_version": 0,
          "attributes": {
            "arn": "arn:aws:iam::035969546934:instance-profile/test_profile",
            "create_date": "2019-12-01T18:47:49Z",
            "id": "test_profile",
            "name": "test_profile",
            "name_prefix": null,
            "path": "/",
            "role": "test_role",
            "roles": [
              "test_role"
            ],
            "unique_id": "AIPAQQX7TXK3PFRCXOK3E"
          },
          "private": "bnVsbA==",
          "dependencies": [
            "aws_iam_role.role"
          ]
        }
      ]
    },
    {
      "mode": "managed",
      "type": "aws_iam_policy",
      "name": "lambda_policy",
      "provider": "provider.aws",
      "instances": [
        {
          "schema_version": 0,
          "attributes": {
            "arn": "arn:aws:iam::035969546934:policy/DeployLambdaPolicy",
            "description": "",
            "id": "arn:aws:iam::035969546934:policy/DeployLambdaPolicy",
            "name": "DeployLambdaPolicy",
            "name_prefix": null,
            "path": "/",
            "policy": "{\r\n  \"Version\": \"2012-10-17\",\r\n  \"Statement\": [\r\n    {\r\n      \"Action\": [\r\n        \"lambda:UpdateFunctionCode\",\r\n        \"lambda:PublishVersion\",\r\n        \"lambda:UpdateAlias\"\r\n      ],\r\n      \"Effect\": \"Allow\",\r\n      \"Resource\": \"*\"\r\n    }\r\n  ]\r\n}\r\n"
          },
          "private": "bnVsbA=="
        }
      ]
    },
    {
      "mode": "managed",
      "type": "aws_iam_policy",
      "name": "s3_policy",
      "provider": "provider.aws",
      "instances": [
        {
          "schema_version": 0,
          "attributes": {
            "arn": "arn:aws:iam::035969546934:policy/PushToS3Policy",
            "description": "",
            "id": "arn:aws:iam::035969546934:policy/PushToS3Policy",
            "name": "PushToS3Policy",
            "name_prefix": null,
            "path": "/",
            "policy": "{\r\n  \"Version\": \"2012-10-17\",\r\n  \"Statement\": [\r\n    {\r\n      \"Action\": [\r\n        \"s3:PutObject\",\r\n        \"s3:GetObject\"\r\n      ],\r\n      \"Effect\": \"Allow\",\r\n      \"Resource\": \"arn:aws:s3:::my-tf-test1manoj-bucket/*\"\r\n    }\r\n  ]\r\n}\r\n"
          },
          "private": "bnVsbA==",
          "dependencies": [
            "aws_s3_bucket.b1"
          ]
        }
      ]
    },
    {
      "mode": "managed",
      "type": "aws_iam_role",
      "name": "role",
      "provider": "provider.aws",
      "instances": [
        {
          "schema_version": 0,
          "attributes": {
            "arn": "arn:aws:iam::035969546934:role/test_role",
            "assume_role_policy": "{\"Version\":\"2012-10-17\",\"Statement\":[{\"Sid\":\"\",\"Effect\":\"Allow\",\"Principal\":{\"Service\":\"ec2.amazonaws.com\"},\"Action\":\"sts:AssumeRole\"}]}",
            "create_date": "2019-12-01T18:47:48Z",
            "description": "",
            "force_detach_policies": false,
            "id": "test_role",
            "max_session_duration": 3600,
            "name": "test_role",
            "name_prefix": null,
            "path": "/",
            "permissions_boundary": null,
            "tags": {},
            "unique_id": "AROAQQX7TXK3PORDP7RQL"
          },
          "private": "bnVsbA=="
        }
      ]
    },
    {
      "mode": "managed",
      "type": "aws_iam_role_policy_attachment",
      "name": "test_lambda_attachment",
      "provider": "provider.aws",
      "instances": [
        {
          "schema_version": 0,
          "attributes": {
            "id": "test_role-20191201193238569600000001",
            "policy_arn": "arn:aws:iam::035969546934:policy/DeployLambdaPolicy",
            "role": "test_role"
          },
          "private": "bnVsbA==",
          "dependencies": [
            "aws_iam_policy.lambda_policy",
            "aws_iam_role.role"
          ]
        }
      ]
    },
    {
      "mode": "managed",
      "type": "aws_iam_role_policy_attachment",
      "name": "test_s3_attachment",
      "provider": "provider.aws",
      "instances": [
        {
          "schema_version": 0,
          "attributes": {
            "id": "test_role-20191201191011134200000001",
            "policy_arn": "arn:aws:iam::035969546934:policy/PushToS3Policy",
            "role": "test_role"
          },
          "private": "bnVsbA==",
          "dependencies": [
            "aws_iam_policy.s3_policy",
            "aws_iam_role.role"
          ]
        }
      ]
    },
    {
      "mode": "managed",
      "type": "aws_s3_bucket",
      "name": "b1",
      "provider": "provider.aws",
      "instances": [
        {
          "schema_version": 0,
          "attributes": {
            "acceleration_status": "",
            "acl": "private",
            "arn": "arn:aws:s3:::my-tf-test1manoj-bucket",
            "bucket": "my-tf-test1manoj-bucket",
            "bucket_domain_name": "my-tf-test1manoj-bucket.s3.amazonaws.com",
            "bucket_prefix": null,
            "bucket_regional_domain_name": "my-tf-test1manoj-bucket.s3.ca-central-1.amazonaws.com",
            "cors_rule": [],
            "force_destroy": false,
            "hosted_zone_id": "Z1QDHH18159H29",
            "id": "my-tf-test1manoj-bucket",
            "lifecycle_rule": [],
            "logging": [],
            "object_lock_configuration": [],
            "policy": null,
            "region": "ca-central-1",
            "replication_configuration": [],
            "request_payer": "BucketOwner",
            "server_side_encryption_configuration": [],
            "tags": {},
            "versioning": [
              {
                "enabled": false,
                "mfa_delete": false
              }
            ],
            "website": [],
            "website_domain": null,
            "website_endpoint": null
          },
          "private": "bnVsbA=="
        }
      ]
    },
    {
      "mode": "managed",
      "type": "aws_s3_bucket",
      "name": "b2",
      "provider": "provider.aws",
      "instances": [
        {
          "schema_version": 0,
          "attributes": {
            "acceleration_status": "",
            "acl": "private",
            "arn": "arn:aws:s3:::my-tf-test2manoj-bucket",
            "bucket": "my-tf-test2manoj-bucket",
            "bucket_domain_name": "my-tf-test2manoj-bucket.s3.amazonaws.com",
            "bucket_prefix": null,
            "bucket_regional_domain_name": "my-tf-test2manoj-bucket.s3.ca-central-1.amazonaws.com",
            "cors_rule": [],
            "force_destroy": false,
            "hosted_zone_id": "Z1QDHH18159H29",
            "id": "my-tf-test2manoj-bucket",
            "lifecycle_rule": [],
            "logging": [],
            "object_lock_configuration": [],
            "policy": null,
            "region": "ca-central-1",
            "replication_configuration": [],
            "request_payer": "BucketOwner",
            "server_side_encryption_configuration": [],
            "tags": {},
            "versioning": [
              {
                "enabled": false,
                "mfa_delete": false
              }
            ],
            "website": [],
            "website_domain": null,
            "website_endpoint": null
          },
          "private": "bnVsbA=="
        }
      ]
    },
    {
      "mode": "managed",
      "type": "aws_s3_bucket",
      "name": "b3",
      "provider": "provider.aws",
      "instances": [
        {
          "schema_version": 0,
          "attributes": {
            "acceleration_status": "",
            "acl": "public-read",
            "arn": "arn:aws:s3:::my-tf-test3manoj-bucket",
            "bucket": "my-tf-test3manoj-bucket",
            "bucket_domain_name": "my-tf-test3manoj-bucket.s3.amazonaws.com",
            "bucket_prefix": null,
            "bucket_regional_domain_name": "my-tf-test3manoj-bucket.s3.ca-central-1.amazonaws.com",
            "cors_rule": [],
            "force_destroy": false,
            "hosted_zone_id": "Z1QDHH18159H29",
            "id": "my-tf-test3manoj-bucket",
            "lifecycle_rule": [],
            "logging": [],
            "object_lock_configuration": [],
            "policy": null,
            "region": "ca-central-1",
            "replication_configuration": [],
            "request_payer": "BucketOwner",
            "server_side_encryption_configuration": [],
            "tags": {},
            "versioning": [
              {
                "enabled": false,
                "mfa_delete": false
              }
            ],
            "website": [],
            "website_domain": null,
            "website_endpoint": null
          },
          "private": "bnVsbA=="
        }
      ]
    }
  ]
}
